
Microsoft Visual Studio Solution File, Format Version 12.00
# Visual Studio Version 16
VisualStudioVersion = 16.0.30413.136
MinimumVisualStudioVersion = 10.0.40219.1
Project("{FAE04EC0-301F-11D3-BF4B-00C04F79EFBC}") = "OlympicGames", "OlympicGames.csproj", "{F5E05052-918B-4AEB-BBD0-0FC1E9D509CE}"
EndProject
Global
	GlobalSection(SolutionConfigurationPlatforms) = preSolution
		Debug|Any CPU = Debug|Any CPU
		Release|Any CPU = Release|Any CPU
	EndGlobalSection
	GlobalSection(ProjectConfigurationPlatforms) = postSolution
		{F5E05052-918B-4AEB-BBD0-0FC1E9D509CE}.Debug|Any CPU.ActiveCfg = Debug|Any CPU
		{F5E05052-918B-4AEB-BBD0-0FC1E9D509CE}.Debug|Any CPU.Build.0 = Debug|Any CPU
		{F5E05052-918B-4AEB-BBD0-0FC1E9D509CE}.Release|Any CPU.ActiveCfg = Release|Any CPU
		{F5E05052-918B-4AEB-BBD0-0FC1E9D509CE}.Release|Any CPU.Build.0 = Release|Any CPU
	EndGlobalSection
	GlobalSection(SolutionProperties) = preSolution
		HideSolutionNode = FALSE
	EndGlobalSection
	GlobalSection(ExtensibilityGlobals) = postSolution
		SolutionGuid = {394E912F-2646-4D28-A600-C327121EB943}
	EndGlobalSection
EndGlobal
